
Microsoft Visual Studio Solution File, Format Version 12.00
# Visual Studio Version 16
VisualStudioVersion = 16.0.29905.134
MinimumVisualStudioVersion = 10.0.40219.1
Project("{FAE04EC0-301F-11D3-BF4B-00C04F79EFBC}") = "TicTacToeMasters", "TicTacToeMasters\TicTacToeMasters.csproj", "{F1A99E7E-16D7-43B9-B35B-92379906C064}"
EndProject
Global
	GlobalSection(SolutionConfigurationPlatforms) = preSolution
		Debug|Any CPU = Debug|Any CPU
		Release|Any CPU = Release|Any CPU
	EndGlobalSection
	GlobalSection(ProjectConfigurationPlatforms) = postSolution
		{F1A99E7E-16D7-43B9-B35B-92379906C064}.Debug|Any CPU.ActiveCfg = Debug|Any CPU
		{F1A99E7E-16D7-43B9-B35B-92379906C064}.Debug|Any CPU.Build.0 = Debug|Any CPU
		{F1A99E7E-16D7-43B9-B35B-92379906C064}.Release|Any CPU.ActiveCfg = Release|Any CPU
		{F1A99E7E-16D7-43B9-B35B-92379906C064}.Release|Any CPU.Build.0 = Release|Any CPU
	EndGlobalSection
	GlobalSection(SolutionProperties) = preSolution
		HideSolutionNode = FALSE
	EndGlobalSection
	GlobalSection(ExtensibilityGlobals) = postSolution
		SolutionGuid = {5FFB7F84-CEDA-4022-8F10-32BCACF0912E}
	EndGlobalSection
EndGlobal
